// !$*UTF8*$!
{
	archiveVersion = 1;
	classes = {
	};
	objectVersion = 48;
	objects = {

/* Begin PBXBuildFile section */
		B48466851FDD278F0000557B /* AppDelegate.swift in Sources */ = {isa = PBXBuildFile; fileRef = B48466841FDD278F0000557B /* AppDelegate.swift */; };
		B48466871FDD278F0000557B /* ViewController.swift in Sources */ = {isa = PBXBuildFile; fileRef = B48466861FDD278F0000557B /* ViewController.swift */; };
		B484668A1FDD278F0000557B /* Main.storyboard in Resources */ = {isa = PBXBuildFile; fileRef = B48466881FDD278F0000557B /* Main.storyboard */; };
		B484668C1FDD278F0000557B /* Assets.xcassets in Resources */ = {isa = PBXBuildFile; fileRef = B484668B1FDD278F0000557B /* Assets.xcassets */; };
		B484668F1FDD278F0000557B /* LaunchScreen.storyboard in Resources */ = {isa = PBXBuildFile; fileRef = B484668D1FDD278F0000557B /* LaunchScreen.storyboard */; };
		B484669A1FDD278F0000557B /* AlertViewActionSheetTestTests.swift in Sources */ = {isa = PBXBuildFile; fileRef = B48466991FDD278F0000557B /* AlertViewActionSheetTestTests.swift */; };
		B48466A51FDD278F0000557B /* AlertViewActionSheetTestUITests.swift in Sources */ = {isa = PBXBuildFile; fileRef = B48466A41FDD278F0000557B /* AlertViewActionSheetTestUITests.swift */; };
/* End PBXBuildFile section */

/* Begin PBXContainerItemProxy section */
		B48466961FDD278F0000557B /* PBXContainerItemProxy */ = {
			isa = PBXContainerItemProxy;
			containerPortal = B48466791FDD278F0000557B /* Project object */;
			proxyType = 1;
			remoteGlobalIDString = B48466801FDD278F0000557B;
			remoteInfo = AlertViewActionSheetTest;
		};
		B48466A11FDD278F0000557B /* PBXContainerItemProxy */ = {
			isa = PBXContainerItemProxy;
			containerPortal = B48466791FDD278F0000557B /* Project object */;
			proxyType = 1;
			remoteGlobalIDString = B48466801FDD278F0000557B;
			remoteInfo = AlertViewActionSheetTest;
		};
/* End PBXContainerItemProxy section */

/* Begin PBXFileReference section */
		B48466811FDD278F0000557B /* AlertViewActionSheetTest.app */ = {isa = PBXFileReference; explicitFileType = wrapper.application; includeInIndex = 0; path = AlertViewActionSheetTest.app; sourceTree = BUILT_PRODUCTS_DIR; };
		B48466841FDD278F0000557B /* AppDelegate.swift */ = {isa = PBXFileReference; lastKnownFileType = sourcecode.swift; path = AppDelegate.swift; sourceTree = "<group>"; };
		B48466861FDD278F0000557B /* ViewController.swift */ = {isa = PBXFileReference; lastKnownFileType = sourcecode.swift; path = ViewController.swift; sourceTree = "<group>"; };
		B48466891FDD278F0000557B /* Base */ = {isa = PBXFileReference; lastKnownFileType = file.storyboard; name = Base; path = Base.lproj/Main.storyboard; sourceTree = "<group>"; };
		B484668B1FDD278F0000557B /* Assets.xcassets */ = {isa = PBXFileReference; lastKnownFileType = folder.assetcatalog; path = Assets.xcassets; sourceTree = "<group>"; };
		B484668E1FDD278F0000557B /* Base */ = {isa = PBXFileReference; lastKnownFileType = file.storyboard; name = Base; path = Base.lproj/LaunchScreen.storyboard; sourceTree = "<group>"; };
		B48466901FDD278F0000557B /* Info.plist */ = {isa = PBXFileReference; lastKnownFileType = text.plist.xml; path = Info.plist; sourceTree = "<group>"; };
		B48466951FDD278F0000557B /* AlertViewActionSheetTestTests.xctest */ = {isa = PBXFileReference; explicitFileType = wrapper.cfbundle; includeInIndex = 0; path = AlertViewActionSheetTestTests.xctest; sourceTree = BUILT_PRODUCTS_DIR; };
		B48466991FDD278F0000557B /* AlertViewActionSheetTestTests.swift */ = {isa = PBXFileReference; lastKnownFileType = sourcecode.swift; path = AlertViewActionSheetTestTests.swift; sourceTree = "<group>"; };
		B484669B1FDD278F0000557B /* Info.plist */ = {isa = PBXFileReference; lastKnownFileType = text.plist.xml; path = Info.plist; sourceTree = "<group>"; };
		B48466A01FDD278F0000557B /* AlertViewActionSheetTestUITests.xctest */ = {isa = PBXFileReference; explicitFileType = wrapper.cfbundle; includeInIndex = 0; path = AlertViewActionSheetTestUITests.xctest; sourceTree = BUILT_PRODUCTS_DIR; };
		B48466A41FDD278F0000557B /* AlertViewActionSheetTestUITests.swift */ = {isa = PBXFileReference; lastKnownFileType = sourcecode.swift; path = AlertViewActionSheetTestUITests.swift; sourceTree = "<group>"; };
		B48466A61FDD278F0000557B /* Info.plist */ = {isa = PBXFileReference; lastKnownFileType = text.plist.xml; path = Info.plist; sourceTree = "<group>"; };
/* End PBXFileReference section */

/* Begin PBXFrameworksBuildPhase section */
		B484667E1FDD278F0000557B /* Frameworks */ = {
			isa = PBXFrameworksBuildPhase;
			buildActionMask = 2147483647;
			files = (
			);
			runOnlyForDeploymentPostprocessing = 0;
		};
		B48466921FDD278F0000557B /* Frameworks */ = {
			isa = PBXFrameworksBuildPhase;
			buildActionMask = 2147483647;
			files = (
			);
			runOnlyForDeploymentPostprocessing = 0;
		};
		B484669D1FDD278F0000557B /* Frameworks */ = {
			isa = PBXFrameworksBuildPhase;
			buildActionMask = 2147483647;
			files = (
			);
			runOnlyForDeploymentPostprocessing = 0;
		};
/* End PBXFrameworksBuildPhase section */

/* Begin PBXGroup section */
		B48466781FDD278F0000557B = {
			isa = PBXGroup;
			children = (
				B48466831FDD278F0000557B /* AlertViewActionSheetTest */,
				B48466981FDD278F0000557B /* AlertViewActionSheetTestTests */,
				B48466A31FDD278F0000557B /* AlertViewActionSheetTestUITests */,
				B48466821FDD278F0000557B /* Products */,
			);
			sourceTree = "<group>";
		};
		B48466821FDD278F0000557B /* Products */ = {
			isa = PBXGroup;
			children = (
				B48466811FDD278F0000557B /* AlertViewActionSheetTest.app */,
				B48466951FDD278F0000557B /* AlertViewActionSheetTestTests.xctest */,
				B48466A01FDD278F0000557B /* AlertViewActionSheetTestUITests.xctest */,
			);
			name = Products;
			sourceTree = "<group>";
		};
		B48466831FDD278F0000557B /* AlertViewActionSheetTest */ = {
			isa = PBXGroup;
			children = (
				B48466841FDD278F0000557B /* AppDelegate.swift */,
				B48466861FDD278F0000557B /* ViewController.swift */,
				B48466881FDD278F0000557B /* Main.storyboard */,
				B484668B1FDD278F0000557B /* Assets.xcassets */,
				B484668D1FDD278F0000557B /* LaunchScreen.storyboard */,
				B48466901FDD278F0000557B /* Info.plist */,
			);
			path = AlertViewActionSheetTest;
			sourceTree = "<group>";
		};
		B48466981FDD278F0000557B /* AlertViewActionSheetTestTests */ = {
			isa = PBXGroup;
			children = (
				B48466991FDD278F0000557B /* AlertViewActionSheetTestTests.swift */,
				B484669B1FDD278F0000557B /* Info.plist */,
			);
			path = AlertViewActionSheetTestTests;
			sourceTree = "<group>";
		};
		B48466A31FDD278F0000557B /* AlertViewActionSheetTestUITests */ = {
			isa = PBXGroup;
			children = (
				B48466A41FDD278F0000557B /* AlertViewActionSheetTestUITests.swift */,
				B48466A61FDD278F0000557B /* Info.plist */,
			);
			path = AlertViewActionSheetTestUITests;
			sourceTree = "<group>";
		};
/* End PBXGroup section */

/* Begin PBXNativeTarget section */
		B48466801FDD278F0000557B /* AlertViewActionSheetTest */ = {
			isa = PBXNativeTarget;
			buildConfigurationList = B48466A91FDD278F0000557B /* Build configuration list for PBXNativeTarget "AlertViewActionSheetTest" */;
			buildPhases = (
				B484667D1FDD278F0000557B /* Sources */,
				B484667E1FDD278F0000557B /* Frameworks */,
				B484667F1FDD278F0000557B /* Resources */,
			);
			buildRules = (
			);
			dependencies = (
			);
			name = AlertViewActionSheetTest;
			productName = AlertViewActionSheetTest;
			productReference = B48466811FDD278F0000557B /* AlertViewActionSheetTest.app */;
			productType = "com.apple.product-type.application";
		};
		B48466941FDD278F0000557B /* AlertViewActionSheetTestTests */ = {
			isa = PBXNativeTarget;
			buildConfigurationList = B48466AC1FDD278F0000557B /* Build configuration list for PBXNativeTarget "AlertViewActionSheetTestTests" */;
			buildPhases = (
				B48466911FDD278F0000557B /* Sources */,
				B48466921FDD278F0000557B /* Frameworks */,
				B48466931FDD278F0000557B /* Resources */,
			);
			buildRules = (
			);
			dependencies = (
				B48466971FDD278F0000557B /* PBXTargetDependency */,
			);
			name = AlertViewActionSheetTestTests;
			productName = AlertViewActionSheetTestTests;
			productReference = B48466951FDD278F0000557B /* AlertViewActionSheetTestTests.xctest */;
			productType = "com.apple.product-type.bundle.unit-test";
		};
		B484669F1FDD278F0000557B /* AlertViewActionSheetTestUITests */ = {
			isa = PBXNativeTarget;
			buildConfigurationList = B48466AF1FDD278F0000557B /* Build configuration list for PBXNativeTarget "AlertViewActionSheetTestUITests" */;
			buildPhases = (
				B484669C1FDD278F0000557B /* Sources */,
				B484669D1FDD278F0000557B /* Frameworks */,
				B484669E1FDD278F0000557B /* Resources */,
			);
			buildRules = (
			);
			dependencies = (
				B48466A21FDD278F0000557B /* PBXTargetDependency */,
			);
			name = AlertViewActionSheetTestUITests;
			productName = AlertViewActionSheetTestUITests;
			productReference = B48466A01FDD278F0000557B /* AlertViewActionSheetTestUITests.xctest */;
			productType = "com.apple.product-type.bundle.ui-testing";
		};
/* End PBXNativeTarget section */

/* Begin PBXProject section */
		B48466791FDD278F0000557B /* Project object */ = {
			isa = PBXProject;
			attributes = {
				LastSwiftUpdateCheck = 0910;
				LastUpgradeCheck = 0910;
				ORGANIZATIONNAME = Administrateur;
				TargetAttributes = {
					B48466801FDD278F0000557B = {
						CreatedOnToolsVersion = 9.1;
						ProvisioningStyle = Automatic;
					};
					B48466941FDD278F0000557B = {
						CreatedOnToolsVersion = 9.1;
						ProvisioningStyle = Automatic;
						TestTargetID = B48466801FDD278F0000557B;
					};
					B484669F1FDD278F0000557B = {
						CreatedOnToolsVersion = 9.1;
						ProvisioningStyle = Automatic;
						TestTargetID = B48466801FDD278F0000557B;
					};
				};
			};
			buildConfigurationList = B484667C1FDD278F0000557B /* Build configuration list for PBXProject "AlertViewActionSheetTest" */;
			compatibilityVersion = "Xcode 8.0";
			developmentRegion = en;
			hasScannedForEncodings = 0;
			knownRegions = (
				en,
				Base,
			);
			mainGroup = B48466781FDD278F0000557B;
			productRefGroup = B48466821FDD278F0000557B /* Products */;
			projectDirPath = "";
			projectRoot = "";
			targets = (
				B48466801FDD278F0000557B /* AlertViewActionSheetTest */,
				B48466941FDD278F0000557B /* AlertViewActionSheetTestTests */,
				B484669F1FDD278F0000557B /* AlertViewActionSheetTestUITests */,
			);
		};
/* End PBXProject section */

/* Begin PBXResourcesBuildPhase section */
		B484667F1FDD278F0000557B /* Resources */ = {
			isa = PBXResourcesBuildPhase;
			buildActionMask = 2147483647;
			files = (
				B484668F1FDD278F0000557B /* LaunchScreen.storyboard in Resources */,
				B484668C1FDD278F0000557B /* Assets.xcassets in Resources */,
				B484668A1FDD278F0000557B /* Main.storyboard in Resources */,
			);
			runOnlyForDeploymentPostprocessing = 0;
		};
		B48466931FDD278F0000557B /* Resources */ = {
			isa = PBXResourcesBuildPhase;
			buildActionMask = 2147483647;
			files = (
			);
			runOnlyForDeploymentPostprocessing = 0;
		};
		B484669E1FDD278F0000557B /* Resources */ = {
			isa = PBXResourcesBuildPhase;
			buildActionMask = 2147483647;
			files = (
			);
			runOnlyForDeploymentPostprocessing = 0;
		};
/* End PBXResourcesBuildPhase section */

/* Begin PBXSourcesBuildPhase section */
		B484667D1FDD278F0000557B /* Sources */ = {
			isa = PBXSourcesBuildPhase;
			buildActionMask = 2147483647;
			files = (
				B48466871FDD278F0000557B /* ViewController.swift in Sources */,
				B48466851FDD278F0000557B /* AppDelegate.swift in Sources */,
			);
			runOnlyForDeploymentPostprocessing = 0;
		};
		B48466911FDD278F0000557B /* Sources */ = {
			isa = PBXSourcesBuildPhase;
			buildActionMask = 2147483647;
			files = (
				B484669A1FDD278F0000557B /* AlertViewActionSheetTestTests.swift in Sources */,
			);
			runOnlyForDeploymentPostprocessing = 0;
		};
		B484669C1FDD278F0000557B /* Sources */ = {
			isa = PBXSourcesBuildPhase;
			buildActionMask = 2147483647;
			files = (
				B48466A51FDD278F0000557B /* AlertViewActionSheetTestUITests.swift in Sources */,
			);
			runOnlyForDeploymentPostprocessing = 0;
		};
/* End PBXSourcesBuildPhase section */

/* Begin PBXTargetDependency section */
		B48466971FDD278F0000557B /* PBXTargetDependency */ = {
			isa = PBXTargetDependency;
			target = B48466801FDD278F0000557B /* AlertViewActionSheetTest */;
			targetProxy = B48466961FDD278F0000557B /* PBXContainerItemProxy */;
		};
		B48466A21FDD278F0000557B /* PBXTargetDependency */ = {
			isa = PBXTargetDependency;
			target = B48466801FDD278F0000557B /* AlertViewActionSheetTest */;
			targetProxy = B48466A11FDD278F0000557B /* PBXContainerItemProxy */;
		};
/* End PBXTargetDependency section */

/* Begin PBXVariantGroup section */
		B48466881FDD278F0000557B /* Main.storyboard */ = {
			isa = PBXVariantGroup;
			children = (
				B48466891FDD278F0000557B /* Base */,
			);
			name = Main.storyboard;
			sourceTree = "<group>";
		};
		B484668D1FDD278F0000557B /* LaunchScreen.storyboard */ = {
			isa = PBXVariantGroup;
			children = (
				B484668E1FDD278F0000557B /* Base */,
			);
			name = LaunchScreen.storyboard;
			sourceTree = "<group>";
		};
/* End PBXVariantGroup section */

/* Begin XCBuildConfiguration section */
		B48466A71FDD278F0000557B /* Debug */ = {
			isa = XCBuildConfiguration;
			buildSettings = {
				ALWAYS_SEARCH_USER_PATHS = NO;
				CLANG_ANALYZER_NONNULL = YES;
				CLANG_ANALYZER_NUMBER_OBJECT_CONVERSION = YES_AGGRESSIVE;
				CLANG_CXX_LANGUAGE_STANDARD = "gnu++14";
				CLANG_CXX_LIBRARY = "libc++";
				CLANG_ENABLE_MODULES = YES;
				CLANG_ENABLE_OBJC_ARC = YES;
				CLANG_WARN_BLOCK_CAPTURE_AUTORELEASING = YES;
				CLANG_WARN_BOOL_CONVERSION = YES;
				CLANG_WARN_COMMA = YES;
				CLANG_WARN_CONSTANT_CONVERSION = YES;
				CLANG_WARN_DIRECT_OBJC_ISA_USAGE = YES_ERROR;
				CLANG_WARN_DOCUMENTATION_COMMENTS = YES;
				CLANG_WARN_EMPTY_BODY = YES;
				CLANG_WARN_ENUM_CONVERSION = YES;
				CLANG_WARN_INFINITE_RECURSION = YES;
				CLANG_WARN_INT_CONVERSION = YES;
				CLANG_WARN_NON_LITERAL_NULL_CONVERSION = YES;
				CLANG_WARN_OBJC_LITERAL_CONVERSION = YES;
				CLANG_WARN_OBJC_ROOT_CLASS = YES_ERROR;
				CLANG_WARN_RANGE_LOOP_ANALYSIS = YES;
				CLANG_WARN_STRICT_PROTOTYPES = YES;
				CLANG_WARN_SUSPICIOUS_MOVE = YES;
				CLANG_WARN_UNGUARDED_AVAILABILITY = YES_AGGRESSIVE;
				CLANG_WARN_UNREACHABLE_CODE = YES;
				CLANG_WARN__DUPLICATE_METHOD_MATCH = YES;
				CODE_SIGN_IDENTITY = "iPhone Developer";
				COPY_PHASE_STRIP = NO;
				DEBUG_INFORMATION_FORMAT = dwarf;
				ENABLE_STRICT_OBJC_MSGSEND = YES;
				ENABLE_TESTABILITY = YES;
				GCC_C_LANGUAGE_STANDARD = gnu11;
				GCC_DYNAMIC_NO_PIC = NO;
				GCC_NO_COMMON_BLOCKS = YES;
				GCC_OPTIMIZATION_LEVEL = 0;
				GCC_PREPROCESSOR_DEFINITIONS = (
					"DEBUG=1",
					"$(inherited)",
				);
				GCC_WARN_64_TO_32_BIT_CONVERSION = YES;
				GCC_WARN_ABOUT_RETURN_TYPE = YES_ERROR;
				GCC_WARN_UNDECLARED_SELECTOR = YES;
				GCC_WARN_UNINITIALIZED_AUTOS = YES_AGGRESSIVE;
				GCC_WARN_UNUSED_FUNCTION = YES;
				GCC_WARN_UNUSED_VARIABLE = YES;
				IPHONEOS_DEPLOYMENT_TARGET = 11.1;
				MTL_ENABLE_DEBUG_INFO = YES;
				ONLY_ACTIVE_ARCH = YES;
				SDKROOT = iphoneos;
				SWIFT_ACTIVE_COMPILATION_CONDITIONS = DEBUG;
				SWIFT_OPTIMIZATION_LEVEL = "-Onone";
			};
			name = Debug;
		};
		B48466A81FDD278F0000557B /* Release */ = {
			isa = XCBuildConfiguration;
			buildSettings = {
				ALWAYS_SEARCH_USER_PATHS = NO;
				CLANG_ANALYZER_NONNULL = YES;
				CLANG_ANALYZER_NUMBER_OBJECT_CONVERSION = YES_AGGRESSIVE;
				CLANG_CXX_LANGUAGE_STANDARD = "gnu++14";
				CLANG_CXX_LIBRARY = "libc++";
				CLANG_ENABLE_MODULES = YES;
				CLANG_ENABLE_OBJC_ARC = YES;
				CLANG_WARN_BLOCK_CAPTURE_AUTORELEASING = YES;
				CLANG_WARN_BOOL_CONVERSION = YES;
				CLANG_WARN_COMMA = YES;
				CLANG_WARN_CONSTANT_CONVERSION = YES;
				CLANG_WARN_DIRECT_OBJC_ISA_USAGE = YES_ERROR;
				CLANG_WARN_DOCUMENTATION_COMMENTS = YES;
				CLANG_WARN_EMPTY_BODY = YES;
				CLANG_WARN_ENUM_CONVERSION = YES;
				CLANG_WARN_INFINITE_RECURSION = YES;
				CLANG_WARN_INT_CONVERSION = YES;
				CLANG_WARN_NON_LITERAL_NULL_CONVERSION = YES;
				CLANG_WARN_OBJC_LITERAL_CONVERSION = YES;
				CLANG_WARN_OBJC_ROOT_CLASS = YES_ERROR;
				CLANG_WARN_RANGE_LOOP_ANALYSIS = YES;
				CLANG_WARN_STRICT_PROTOTYPES = YES;
				CLANG_WARN_SUSPICIOUS_MOVE = YES;
				CLANG_WARN_UNGUARDED_AVAILABILITY = YES_AGGRESSIVE;
				CLANG_WARN_UNREACHABLE_CODE = YES;
				CLANG_WARN__DUPLICATE_METHOD_MATCH = YES;
				CODE_SIGN_IDENTITY = "iPhone Developer";
				COPY_PHASE_STRIP = NO;
				DEBUG_INFORMATION_FORMAT = "dwarf-with-dsym";
				ENABLE_NS_ASSERTIONS = NO;
				ENABLE_STRICT_OBJC_MSGSEND = YES;
				GCC_C_LANGUAGE_STANDARD = gnu11;
				GCC_NO_COMMON_BLOCKS = YES;
				GCC_WARN_64_TO_32_BIT_CONVERSION = YES;
				GCC_WARN_ABOUT_RETURN_TYPE = YES_ERROR;
				GCC_WARN_UNDECLARED_SELECTOR = YES;
				GCC_WARN_UNINITIALIZED_AUTOS = YES_AGGRESSIVE;
				GCC_WARN_UNUSED_FUNCTION = YES;
				GCC_WARN_UNUSED_VARIABLE = YES;
				IPHONEOS_DEPLOYMENT_TARGET = 11.1;
				MTL_ENABLE_DEBUG_INFO = NO;
				SDKROOT = iphoneos;
				SWIFT_OPTIMIZATION_LEVEL = "-Owholemodule";
				VALIDATE_PRODUCT = YES;
			};
			name = Release;
		};
		B48466AA1FDD278F0000557B /* Debug */ = {
			isa = XCBuildConfiguration;
			buildSettings = {
				ASSETCATALOG_COMPILER_APPICON_NAME = AppIcon;
				CODE_SIGN_STYLE = Automatic;
				DEVELOPMENT_TEAM = HQ58C65Q4B;
				INFOPLIST_FILE = AlertViewActionSheetTest/Info.plist;
				LD_RUNPATH_SEARCH_PATHS = "$(inherited) @executable_path/Frameworks";
				PRODUCT_BUNDLE_IDENTIFIER = "ethan-nahum.AlertViewActionSheetTest";
				PRODUCT_NAME = "$(TARGET_NAME)";
				SWIFT_VERSION = 4.0;
				TARGETED_DEVICE_FAMILY = "1,2";
			};
			name = Debug;
		};
		B48466AB1FDD278F0000557B /* Release */ = {
			isa = XCBuildConfiguration;
			buildSettings = {
				ASSETCATALOG_COMPILER_APPICON_NAME = AppIcon;
				CODE_SIGN_STYLE = Automatic;
				DEVELOPMENT_TEAM = HQ58C65Q4B;
				INFOPLIST_FILE = AlertViewActionSheetTest/Info.plist;
				LD_RUNPATH_SEARCH_PATHS = "$(inherited) @executable_path/Frameworks";
				PRODUCT_BUNDLE_IDENTIFIER = "ethan-nahum.AlertViewActionSheetTest";
				PRODUCT_NAME = "$(TARGET_NAME)";
				SWIFT_VERSION = 4.0;
				TARGETED_DEVICE_FAMILY = "1,2";
			};
			name = Release;
		};
		B48466AD1FDD278F0000557B /* Debug */ = {
			isa = XCBuildConfiguration;
			buildSettings = {
				ALWAYS_EMBED_SWIFT_STANDARD_LIBRARIES = YES;
				BUNDLE_LOADER = "$(TEST_HOST)";
				CODE_SIGN_STYLE = Automatic;
				DEVELOPMENT_TEAM = HQ58C65Q4B;
				INFOPLIST_FILE = AlertViewActionSheetTestTests/Info.plist;
				LD_RUNPATH_SEARCH_PATHS = "$(inherited) @executable_path/Frameworks @loader_path/Frameworks";
				PRODUCT_BUNDLE_IDENTIFIER = "ethan-nahum.AlertViewActionSheetTestTests";
				PRODUCT_NAME = "$(TARGET_NAME)";
				SWIFT_VERSION = 4.0;
				TARGETED_DEVICE_FAMILY = "1,2";
				TEST_HOST = "$(BUILT_PRODUCTS_DIR)/AlertViewActionSheetTest.app/AlertViewActionSheetTest";
			};
			name = Debug;
		};
		B48466AE1FDD278F0000557B /* Release */ = {
			isa = XCBuildConfiguration;
			buildSettings = {
				ALWAYS_EMBED_SWIFT_STANDARD_LIBRARIES = YES;
				BUNDLE_LOADER = "$(TEST_HOST)";
				CODE_SIGN_STYLE = Automatic;
				DEVELOPMENT_TEAM = HQ58C65Q4B;
				INFOPLIST_FILE = AlertViewActionSheetTestTests/Info.plist;
				LD_RUNPATH_SEARCH_PATHS = "$(inherited) @executable_path/Frameworks @loader_path/Frameworks";
				PRODUCT_BUNDLE_IDENTIFIER = "ethan-nahum.AlertViewActionSheetTestTests";
				PRODUCT_NAME = "$(TARGET_NAME)";
				SWIFT_VERSION = 4.0;
				TARGETED_DEVICE_FAMILY = "1,2";
				TEST_HOST = "$(BUILT_PRODUCTS_DIR)/AlertViewActionSheetTest.app/AlertViewActionSheetTest";
			};
			name = Release;
		};
		B48466B01FDD278F0000557B /* Debug */ = {
			isa = XCBuildConfiguration;
			buildSettings = {
				ALWAYS_EMBED_SWIFT_STANDARD_LIBRARIES = YES;
				CODE_SIGN_STYLE = Automatic;
				DEVELOPMENT_TEAM = HQ58C65Q4B;
				INFOPLIST_FILE = AlertViewActionSheetTestUITests/Info.plist;
				LD_RUNPATH_SEARCH_PATHS = "$(inherited) @executable_path/Frameworks @loader_path/Frameworks";
				PRODUCT_BUNDLE_IDENTIFIER = "ethan-nahum.AlertViewActionSheetTestUITests";
				PRODUCT_NAME = "$(TARGET_NAME)";
				SWIFT_VERSION = 4.0;
				TARGETED_DEVICE_FAMILY = "1,2";
				TEST_TARGET_NAME = AlertViewActionSheetTest;
			};
			name = Debug;
		};
		B48466B11FDD278F0000557B /* Release */ = {
			isa = XCBuildConfiguration;
			buildSettings = {
				ALWAYS_EMBED_SWIFT_STANDARD_LIBRARIES = YES;
				CODE_SIGN_STYLE = Automatic;
				DEVELOPMENT_TEAM = HQ58C65Q4B;
				INFOPLIST_FILE = AlertViewActionSheetTestUITests/Info.plist;
				LD_RUNPATH_SEARCH_PATHS = "$(inherited) @executable_path/Frameworks @loader_path/Frameworks";
				PRODUCT_BUNDLE_IDENTIFIER = "ethan-nahum.AlertViewActionSheetTestUITests";
				PRODUCT_NAME = "$(TARGET_NAME)";
				SWIFT_VERSION = 4.0;
				TARGETED_DEVICE_FAMILY = "1,2";
				TEST_TARGET_NAME = AlertViewActionSheetTest;
			};
			name = Release;
		};
/* End XCBuildConfiguration section */

/* Begin XCConfigurationList section */
		B484667C1FDD278F0000557B /* Build configuration list for PBXProject "AlertViewActionSheetTest" */ = {
			isa = XCConfigurationList;
			buildConfigurations = (
				B48466A71FDD278F0000557B /* Debug */,
				B48466A81FDD278F0000557B /* Release */,
			);
			defaultConfigurationIsVisible = 0;
			defaultConfigurationName = Release;
		};
		B48466A91FDD278F0000557B /* Build configuration list for PBXNativeTarget "AlertViewActionSheetTest" */ = {
			isa = XCConfigurationList;
			buildConfigurations = (
				B48466AA1FDD278F0000557B /* Debug */,
				B48466AB1FDD278F0000557B /* Release */,
			);
			defaultConfigurationIsVisible = 0;
			defaultConfigurationName = Release;
		};
		B48466AC1FDD278F0000557B /* Build configuration list for PBXNativeTarget "AlertViewActionSheetTestTests" */ = {
			isa = XCConfigurationList;
			buildConfigurations = (
				B48466AD1FDD278F0000557B /* Debug */,
				B48466AE1FDD278F0000557B /* Release */,
			);
			defaultConfigurationIsVisible = 0;
			defaultConfigurationName = Release;
		};
		B48466AF1FDD278F0000557B /* Build configuration list for PBXNativeTarget "AlertViewActionSheetTestUITests" */ = {
			isa = XCConfigurationList;
			buildConfigurations = (
				B48466B01FDD278F0000557B /* Debug */,
				B48466B11FDD278F0000557B /* Release */,
			);
			defaultConfigurationIsVisible = 0;
			defaultConfigurationName = Release;
		};
/* End XCConfigurationList section */
	};
	rootObject = B48466791FDD278F0000557B /* Project object */;
}
